version: v1.5.0
dependencies:
  - name: cloudnative-pg
    repository: https://cloudnative-pg.github.io/charts
    version: 0.29.0
  - name: coredns
    repository: https://coredns.github.io/helm
    version: 1.47.0
  - name: democratic-csi
    repository: https://democratic-csi.github.io/charts
    version: 0.15.1
  - name: descheduler
    repository: https://kubernetes-sigs.github.io/descheduler
    version: 0.36.0
  - name: metallb
    repository: https://metallb.github.io/metallb
    version: 0.16.1
  - name: snapshot-controller
    repository: https://democratic-csi.github.io/charts
    version: 0.3.0
  - name: traefik
    repository: https://traefik.github.io/charts
    version: 41.3.0
digest: sha256:2bb6bb04e728f97c4f08496db1a9676827ae38c4e85658950206931bdcc25699
generated: "2026-08-22T14:49:38.475431046+02:00"
