version: v1.5.0
dependencies:
  - name: cloudnative-pg
    repository: https://cloudnative-pg.github.io/charts
    version: 0.29.0
  - name: coredns
    repository: https://coredns.github.io/helm
    version: 1.47.0
  - name: democratic-csi
    repository: https://democratic-csi.github.io/charts
    version: 0.15.1
  - name: descheduler
    repository: https://kubernetes-sigs.github.io/descheduler
    version: 0.36.0
  - name: metallb
    repository: https://metallb.github.io/metallb
    version: 0.16.1
  - name: snapshot-controller
    repository: https://democratic-csi.github.io/charts
    version: 0.3.0
  - name: traefik
    repository: https://traefik.github.io/charts
    version: 41.2.0
digest: sha256:4bc1e1a53228d58b1a4f15b76d6217243e709f6f545130ed2a1c0e36aeea45c9
generated: "2026-08-12T13:04:44.503648909+02:00"
